# This file is autogenerated, do not edit; changes may be undone by the next 'dep ensure'.


[[projects]]
  name = "github.com/PuerkitoBio/goquery"
  packages = ["."]
  revision = "2d2796f41742ece03e8086188fa4db16a3a0b458"
  version = "v1.5.0"

[[projects]]
  name = "github.com/andybalholm/cascadia"
  packages = ["."]
  revision = "901648c87902174f774fac311d7f176f8647bdaa"
  version = "v1.0.0"

[[projects]]
  branch = "master"
  name = "github.com/orcaman/concurrent-map"
  packages = ["."]
  revision = "2693aad1ed7517c2bb5b3a42cb8fde88b941d89d"

[[projects]]
  branch = "master"
  name = "golang.org/x/net"
  packages = ["html","html/atom"]
  revision = "d28f0bde5980168871434b95cfc858db9f2a7a99"

[solve-meta]
  analyzer-name = "dep"
  analyzer-version = 1
  inputs-digest = "dfc202660e9790f64f9739347e2a23699e0199df3e8e74b4e146850d0097112b"
  solver-name = "gps-cdcl"
  solver-version = 1
